{
  "name": ".meine",
  "lockfileVersion": 3,
  "requires": true,
  "packages": {
    "": {
      "dependencies": {
        "debounce": "^1.2.1",
        "hyper-hide-scroll": "^1.0.0",
        "hyper-statusline": "^1.7.6",
        "hyperminimal": "^0.1.0"
      }
    },
    "node_modules/after-all-results": {
      "version": "2.0.0",
      "resolved": "https://registry.npmjs.org/after-all-results/-/after-all-results-2.0.0.tgz",
      "integrity": "sha512-2zHEyuhSJOuCrmas9YV0YL/MFCWLxe1dS6k/ENhgYrb/JqyMnadLN4iIAc9kkZrbElMDyyAGH/0J18OPErOWLg=="
    },
    "node_modules/color": {
      "version": "2.0.1",
      "resolved": "https://registry.npmjs.org/color/-/color-2.0.1.tgz",
      "integrity": "sha512-ubUCVVKfT7r2w2D3qtHakj8mbmKms+tThR8gI8zEYCbUBl8/voqFGt3kgBqGwXAopgXybnkuOq+qMYCRrp4cXw==",
      "dependencies": {
        "color-convert": "^1.9.1",
        "color-string": "^1.5.2"
      }
    },
    "node_modules/color-convert": {
      "version": "1.9.3",
      "resolved": "https://registry.npmjs.org/color-convert/-/color-convert-1.9.3.tgz",
      "integrity": "sha512-QfAUtd+vFdAtFQcC8CCyYt1fYWxSqAiK2cSD6zDB8N3cpsEBAvRxp9zOGg6G/SHHJYAT88/az/IuDGALsNVbGg==",
      "dependencies": {
        "color-name": "1.1.3"
      }
    },
    "node_modules/color-name": {
      "version": "1.1.3",
      "resolved": "https://registry.npmjs.org/color-name/-/color-name-1.1.3.tgz",
      "integrity": "sha512-72fSenhMw2HZMTVHeCA9KCmpEIbzWiQsjN+BHcBbS9vr1mtt+vJjPdksIBNUmKAW8TFUDPJK5SUU3QhE9NEXDw=="
    },
    "node_modules/color-string": {
      "version": "1.9.1",
      "resolved": "https://registry.npmjs.org/color-string/-/color-string-1.9.1.tgz",
      "integrity": "sha512-shrVawQFojnZv6xM40anx4CkoDP+fZsw/ZerEMsW/pyzsRbElpsL/DBVW7q3ExxwusdNXI3lXpuhEZkzs8p5Eg==",
      "dependencies": {
        "color-name": "^1.0.0",
        "simple-swizzle": "^0.2.2"
      }
    },
    "node_modules/debounce": {
      "version": "1.2.1",
      "resolved": "https://registry.npmjs.org/debounce/-/debounce-1.2.1.tgz",
      "integrity": "sha512-XRRe6Glud4rd/ZGQfiV1ruXSfbvfJedlV9Y6zOlP+2K04vBYiJEte6stfFkCP03aMnY5tsipamumUjL14fofug=="
    },
    "node_modules/hyper-hide-scroll": {
      "version": "1.0.0",
      "resolved": "https://registry.npmjs.org/hyper-hide-scroll/-/hyper-hide-scroll-1.0.0.tgz",
      "integrity": "sha512-A61DIa7s5GupweYvuJoMEiNXz1kCSJCllaIC4gS+sot2AdFEpPJAkZWKxA+ISIT1eBXqcqaDDljT6IKx9Fx6/A=="
    },
    "node_modules/hyper-statusline": {
      "version": "1.7.6",
      "resolved": "https://registry.npmjs.org/hyper-statusline/-/hyper-statusline-1.7.6.tgz",
      "integrity": "sha512-2zYDvIruLCMV4JDGOSa0EKmt9o9VLpkh7QCp6NvnU/ktDcLTbhNMbfMU97PGf6fG0MJ7+tNyTKG+rJpQAjvBTw==",
      "dependencies": {
        "after-all-results": "^2.0.0",
        "color": "^2.0.0",
        "tildify": "^1.2.0"
      }
    },
    "node_modules/hyperminimal": {
      "version": "0.1.0",
      "resolved": "https://registry.npmjs.org/hyperminimal/-/hyperminimal-0.1.0.tgz",
      "integrity": "sha512-aAZTunWbmIbzej/jPR/riYiDA9NDtdeY+TlTiQPqXzMjOuzYVfwKPsHNge1RvMGxZ2lmcsIywBYBPY1CQmT/Ig=="
    },
    "node_modules/is-arrayish": {
      "version": "0.3.2",
      "resolved": "https://registry.npmjs.org/is-arrayish/-/is-arrayish-0.3.2.tgz",
      "integrity": "sha512-eVRqCvVlZbuw3GrM63ovNSNAeA1K16kaR/LRY/92w0zxQ5/1YzwblUX652i4Xs9RwAGjW9d9y6X88t8OaAJfWQ=="
    },
    "node_modules/os-homedir": {
      "version": "1.0.2",
      "resolved": "https://registry.npmjs.org/os-homedir/-/os-homedir-1.0.2.tgz",
      "integrity": "sha512-B5JU3cabzk8c67mRRd3ECmROafjYMXbuzlwtqdM8IbS8ktlTix8aFGb2bAGKrSRIlnfKwovGUUr72JUPyOb6kQ==",
      "engines": {
        "node": ">=0.10.0"
      }
    },
    "node_modules/simple-swizzle": {
      "version": "0.2.2",
      "resolved": "https://registry.npmjs.org/simple-swizzle/-/simple-swizzle-0.2.2.tgz",
      "integrity": "sha512-JA//kQgZtbuY83m+xT+tXJkmJncGMTFT+C+g2h2R9uxkYIrE2yy9sgmcLhCnw57/WSD+Eh3J97FPEDFnbXnDUg==",
      "dependencies": {
        "is-arrayish": "^0.3.1"
      }
    },
    "node_modules/tildify": {
      "version": "1.2.0",
      "resolved": "https://registry.npmjs.org/tildify/-/tildify-1.2.0.tgz",
      "integrity": "sha512-Y9q1GaV/BO65Z9Yf4NOGMuwt3SGdptkZBnaaKfTQakrDyCLiuO1Kc5wxW4xLdsjzunRtqtOdhekiUFmZbklwYQ==",
      "dependencies": {
        "os-homedir": "^1.0.0"
      },
      "engines": {
        "node": ">=0.10.0"
      }
    }
  }
}
